
Microsoft Visual Studio Solution File, Format Version 12.00
# Visual Studio Version 17
VisualStudioVersion = 17.4.33103.184
MinimumVisualStudioVersion = 10.0.40219.1
Project("{FAE04EC0-301F-11D3-BF4B-00C04F79EFBC}") = "Clent2", "Clent2.csproj", "{DDAE8B50-E0D7-4B41-8C76-3566C757769C}"
EndProject
Global
	GlobalSection(SolutionConfigurationPlatforms) = preSolution
		Debug|Any CPU = Debug|Any CPU
		Release|Any CPU = Release|Any CPU
	EndGlobalSection
	GlobalSection(ProjectConfigurationPlatforms) = postSolution
		{DDAE8B50-E0D7-4B41-8C76-3566C757769C}.Debug|Any CPU.ActiveCfg = Debug|Any CPU
		{DDAE8B50-E0D7-4B41-8C76-3566C757769C}.Debug|Any CPU.Build.0 = Debug|Any CPU
		{DDAE8B50-E0D7-4B41-8C76-3566C757769C}.Release|Any CPU.ActiveCfg = Release|Any CPU
		{DDAE8B50-E0D7-4B41-8C76-3566C757769C}.Release|Any CPU.Build.0 = Release|Any CPU
	EndGlobalSection
	GlobalSection(SolutionProperties) = preSolution
		HideSolutionNode = FALSE
	EndGlobalSection
	GlobalSection(ExtensibilityGlobals) = postSolution
		SolutionGuid = {F7F4D20A-5C45-4F8A-99F3-FECEF70216FB}
	EndGlobalSection
EndGlobal
